
Microsoft Visual Studio Solution File, Format Version 12.00
# Visual Studio Version 17
VisualStudioVersion = 17.2.32602.215
MinimumVisualStudioVersion = 10.0.40219.1
Project("{FAE04EC0-301F-11D3-BF4B-00C04F79EFBC}") = "LowLevelDesign", "LowLevelDesign\LowLevelDesign.csproj", "{B7780FF2-867A-42EF-89B3-50F0E8AD64C0}"
EndProject
Global
	GlobalSection(SolutionConfigurationPlatforms) = preSolution
		Debug|Any CPU = Debug|Any CPU
		Release|Any CPU = Release|Any CPU
	EndGlobalSection
	GlobalSection(ProjectConfigurationPlatforms) = postSolution
		{B7780FF2-867A-42EF-89B3-50F0E8AD64C0}.Debug|Any CPU.ActiveCfg = Debug|Any CPU
		{B7780FF2-867A-42EF-89B3-50F0E8AD64C0}.Debug|Any CPU.Build.0 = Debug|Any CPU
		{B7780FF2-867A-42EF-89B3-50F0E8AD64C0}.Release|Any CPU.ActiveCfg = Release|Any CPU
		{B7780FF2-867A-42EF-89B3-50F0E8AD64C0}.Release|Any CPU.Build.0 = Release|Any CPU
	EndGlobalSection
	GlobalSection(SolutionProperties) = preSolution
		HideSolutionNode = FALSE
	EndGlobalSection
	GlobalSection(ExtensibilityGlobals) = postSolution
		SolutionGuid = {24569D32-37B9-481B-83D3-C92B85048B7C}
	EndGlobalSection
EndGlobal
